
Microsoft Visual Studio Solution File, Format Version 12.00
# Visual Studio Version 17
VisualStudioVersion = 17.11.35327.3
MinimumVisualStudioVersion = 10.0.40219.1
Project("{FAE04EC0-301F-11D3-BF4B-00C04F79EFBC}") = "OptiRoute", "OptiRoute.csproj", "{E61B9E51-A24C-4509-BC96-A103585B1CFA}"
EndProject
Project("{FAE04EC0-301F-11D3-BF4B-00C04F79EFBC}") = "TestProject", "TestProject\TestProject.csproj", "{72F3307A-E1C9-4B6D-B3E6-22C1C3E48B3D}"
EndProject
Global
	GlobalSection(SolutionConfigurationPlatforms) = preSolution
		Debug|Any CPU = Debug|Any CPU
		Release|Any CPU = Release|Any CPU
	EndGlobalSection
	GlobalSection(ProjectConfigurationPlatforms) = postSolution
		{E61B9E51-A24C-4509-BC96-A103585B1CFA}.Debug|Any CPU.ActiveCfg = Debug|Any CPU
		{E61B9E51-A24C-4509-BC96-A103585B1CFA}.Debug|Any CPU.Build.0 = Debug|Any CPU
		{E61B9E51-A24C-4509-BC96-A103585B1CFA}.Release|Any CPU.ActiveCfg = Release|Any CPU
		{E61B9E51-A24C-4509-BC96-A103585B1CFA}.Release|Any CPU.Build.0 = Release|Any CPU
		{72F3307A-E1C9-4B6D-B3E6-22C1C3E48B3D}.Debug|Any CPU.ActiveCfg = Debug|Any CPU
		{72F3307A-E1C9-4B6D-B3E6-22C1C3E48B3D}.Debug|Any CPU.Build.0 = Debug|Any CPU
		{72F3307A-E1C9-4B6D-B3E6-22C1C3E48B3D}.Release|Any CPU.ActiveCfg = Release|Any CPU
		{72F3307A-E1C9-4B6D-B3E6-22C1C3E48B3D}.Release|Any CPU.Build.0 = Release|Any CPU
	EndGlobalSection
	GlobalSection(SolutionProperties) = preSolution
		HideSolutionNode = FALSE
	EndGlobalSection
	GlobalSection(ExtensibilityGlobals) = postSolution
		SolutionGuid = {7FBF1C14-4402-4AF1-AF7A-6744BD210C7F}
	EndGlobalSection
EndGlobal
